
Microsoft Visual Studio Solution File, Format Version 12.00
# Visual Studio Version 16
VisualStudioVersion = 16.0.31321.278
MinimumVisualStudioVersion = 10.0.40219.1
Project("{9A19103F-16F7-4668-BE54-9A1E7A4F7556}") = "ServerMultiThread", "..\ServerMultiThread\ServerMultiThread.csproj", "{C0D943EE-318D-447E-950E-43D021D1907C}"
EndProject
Project("{FAE04EC0-301F-11D3-BF4B-00C04F79EFBC}") = "ClientMultiThread", "..\ClientMultiThread\ClientMultiThread.csproj", "{62591ECC-B06A-42E3-9B8C-65711E0CC522}"
EndProject
Global
	GlobalSection(SolutionConfigurationPlatforms) = preSolution
		Debug|Any CPU = Debug|Any CPU
		Release|Any CPU = Release|Any CPU
	EndGlobalSection
	GlobalSection(ProjectConfigurationPlatforms) = postSolution
		{C0D943EE-318D-447E-950E-43D021D1907C}.Debug|Any CPU.ActiveCfg = Debug|Any CPU
		{C0D943EE-318D-447E-950E-43D021D1907C}.Debug|Any CPU.Build.0 = Debug|Any CPU
		{C0D943EE-318D-447E-950E-43D021D1907C}.Release|Any CPU.ActiveCfg = Release|Any CPU
		{C0D943EE-318D-447E-950E-43D021D1907C}.Release|Any CPU.Build.0 = Release|Any CPU
		{62591ECC-B06A-42E3-9B8C-65711E0CC522}.Debug|Any CPU.ActiveCfg = Debug|Any CPU
		{62591ECC-B06A-42E3-9B8C-65711E0CC522}.Debug|Any CPU.Build.0 = Debug|Any CPU
		{62591ECC-B06A-42E3-9B8C-65711E0CC522}.Release|Any CPU.ActiveCfg = Release|Any CPU
		{62591ECC-B06A-42E3-9B8C-65711E0CC522}.Release|Any CPU.Build.0 = Release|Any CPU
	EndGlobalSection
	GlobalSection(SolutionProperties) = preSolution
		HideSolutionNode = FALSE
	EndGlobalSection
	GlobalSection(ExtensibilityGlobals) = postSolution
		SolutionGuid = {61823C0E-5955-411C-8E5F-13030AC63BC8}
	EndGlobalSection
EndGlobal
